
Microsoft Visual Studio Solution File, Format Version 12.00
# Visual Studio Version 17
VisualStudioVersion = 17.12.35728.132
MinimumVisualStudioVersion = 10.0.40219.1
Project("{FAE04EC0-301F-11D3-BF4B-00C04F79EFBC}") = "XMLParser", "XMLParser\XMLParser.csproj", "{B2100184-9414-4C27-A9AB-B15974113481}"
EndProject
Project("{FAE04EC0-301F-11D3-BF4B-00C04F79EFBC}") = "TestParser", "TestParser\TestParser.csproj", "{CE5CBDF6-BDAA-4B3F-AFD2-103161663F23}"
EndProject
Project("{FAE04EC0-301F-11D3-BF4B-00C04F79EFBC}") = "PDFReader", "..\PDFReader\PDFReader\PDFReader.csproj", "{7E6BFBC4-B7E2-EE38-0189-4DBB6C4E62FA}"
EndProject
Project("{FAE04EC0-301F-11D3-BF4B-00C04F79EFBC}") = "TestIgnore", "TestIgnore\TestIgnore.csproj", "{BB1A0B48-290E-48FA-B98B-DB3D3B7780A8}"
EndProject
Global
	GlobalSection(SolutionConfigurationPlatforms) = preSolution
		Debug|Any CPU = Debug|Any CPU
		Release|Any CPU = Release|Any CPU
	EndGlobalSection
	GlobalSection(ProjectConfigurationPlatforms) = postSolution
		{B2100184-9414-4C27-A9AB-B15974113481}.Debug|Any CPU.ActiveCfg = Debug|Any CPU
		{B2100184-9414-4C27-A9AB-B15974113481}.Debug|Any CPU.Build.0 = Debug|Any CPU
		{B2100184-9414-4C27-A9AB-B15974113481}.Release|Any CPU.ActiveCfg = Release|Any CPU
		{B2100184-9414-4C27-A9AB-B15974113481}.Release|Any CPU.Build.0 = Release|Any CPU
		{CE5CBDF6-BDAA-4B3F-AFD2-103161663F23}.Debug|Any CPU.ActiveCfg = Debug|Any CPU
		{CE5CBDF6-BDAA-4B3F-AFD2-103161663F23}.Debug|Any CPU.Build.0 = Debug|Any CPU
		{CE5CBDF6-BDAA-4B3F-AFD2-103161663F23}.Release|Any CPU.ActiveCfg = Release|Any CPU
		{CE5CBDF6-BDAA-4B3F-AFD2-103161663F23}.Release|Any CPU.Build.0 = Release|Any CPU
		{7E6BFBC4-B7E2-EE38-0189-4DBB6C4E62FA}.Debug|Any CPU.ActiveCfg = Debug|Any CPU
		{7E6BFBC4-B7E2-EE38-0189-4DBB6C4E62FA}.Debug|Any CPU.Build.0 = Debug|Any CPU
		{7E6BFBC4-B7E2-EE38-0189-4DBB6C4E62FA}.Release|Any CPU.ActiveCfg = Release|Any CPU
		{7E6BFBC4-B7E2-EE38-0189-4DBB6C4E62FA}.Release|Any CPU.Build.0 = Release|Any CPU
		{BB1A0B48-290E-48FA-B98B-DB3D3B7780A8}.Debug|Any CPU.ActiveCfg = Debug|Any CPU
		{BB1A0B48-290E-48FA-B98B-DB3D3B7780A8}.Debug|Any CPU.Build.0 = Debug|Any CPU
		{BB1A0B48-290E-48FA-B98B-DB3D3B7780A8}.Release|Any CPU.ActiveCfg = Release|Any CPU
		{BB1A0B48-290E-48FA-B98B-DB3D3B7780A8}.Release|Any CPU.Build.0 = Release|Any CPU
	EndGlobalSection
	GlobalSection(SolutionProperties) = preSolution
		HideSolutionNode = FALSE
	EndGlobalSection
	GlobalSection(ExtensibilityGlobals) = postSolution
		SolutionGuid = {B0EE2D89-8FD0-4179-989F-5BDB6B5AE67E}
	EndGlobalSection
EndGlobal
